
Microsoft Visual Studio Solution File, Format Version 12.00
# Visual Studio Version 16
VisualStudioVersion = 16.0.31112.23
MinimumVisualStudioVersion = 10.0.40219.1
Project("{FAE04EC0-301F-11D3-BF4B-00C04F79EFBC}") = "Videostore", "Videostore\Videostore.csproj", "{B36C035F-D325-4653-906F-AAB9BAF8768C}"
	ProjectSection(ProjectDependencies) = postProject
		{FE897D35-F34B-4658-BD80-8720E4E4A11E} = {FE897D35-F34B-4658-BD80-8720E4E4A11E}
		{F956E7B0-718F-4CBE-9751-EC786D3E9E1A} = {F956E7B0-718F-4CBE-9751-EC786D3E9E1A}
		{5E1B9ACC-2710-46F5-BFD3-E6AA6D307E22} = {5E1B9ACC-2710-46F5-BFD3-E6AA6D307E22}
		{B866DBFE-2FFE-40EB-AEBE-680CA56C1FBE} = {B866DBFE-2FFE-40EB-AEBE-680CA56C1FBE}
	EndProjectSection
EndProject
Project("{FAE04EC0-301F-11D3-BF4B-00C04F79EFBC}") = "Videostore.Data", "Videostore.Data\Videostore.Data.csproj", "{B866DBFE-2FFE-40EB-AEBE-680CA56C1FBE}"
	ProjectSection(ProjectDependencies) = postProject
		{5E1B9ACC-2710-46F5-BFD3-E6AA6D307E22} = {5E1B9ACC-2710-46F5-BFD3-E6AA6D307E22}
	EndProjectSection
EndProject
Project("{FAE04EC0-301F-11D3-BF4B-00C04F79EFBC}") = "Videostore.Entities", "Videostore.Entities\Videostore.Entities.csproj", "{5E1B9ACC-2710-46F5-BFD3-E6AA6D307E22}"
EndProject
Project("{FAE04EC0-301F-11D3-BF4B-00C04F79EFBC}") = "Videostore.Repository", "Videostore.Repository\Videostore.Repository.csproj", "{F956E7B0-718F-4CBE-9751-EC786D3E9E1A}"
	ProjectSection(ProjectDependencies) = postProject
		{5E1B9ACC-2710-46F5-BFD3-E6AA6D307E22} = {5E1B9ACC-2710-46F5-BFD3-E6AA6D307E22}
		{B866DBFE-2FFE-40EB-AEBE-680CA56C1FBE} = {B866DBFE-2FFE-40EB-AEBE-680CA56C1FBE}
	EndProjectSection
EndProject
Project("{FAE04EC0-301F-11D3-BF4B-00C04F79EFBC}") = "Videostore.Service", "Videostore.Service\Videostore.Service.csproj", "{FE897D35-F34B-4658-BD80-8720E4E4A11E}"
	ProjectSection(ProjectDependencies) = postProject
		{F956E7B0-718F-4CBE-9751-EC786D3E9E1A} = {F956E7B0-718F-4CBE-9751-EC786D3E9E1A}
		{5E1B9ACC-2710-46F5-BFD3-E6AA6D307E22} = {5E1B9ACC-2710-46F5-BFD3-E6AA6D307E22}
	EndProjectSection
EndProject
Global
	GlobalSection(SolutionConfigurationPlatforms) = preSolution
		Debug|Any CPU = Debug|Any CPU
		Release|Any CPU = Release|Any CPU
	EndGlobalSection
	GlobalSection(ProjectConfigurationPlatforms) = postSolution
		{B36C035F-D325-4653-906F-AAB9BAF8768C}.Debug|Any CPU.ActiveCfg = Debug|Any CPU
		{B36C035F-D325-4653-906F-AAB9BAF8768C}.Debug|Any CPU.Build.0 = Debug|Any CPU
		{B36C035F-D325-4653-906F-AAB9BAF8768C}.Release|Any CPU.ActiveCfg = Release|Any CPU
		{B36C035F-D325-4653-906F-AAB9BAF8768C}.Release|Any CPU.Build.0 = Release|Any CPU
		{B866DBFE-2FFE-40EB-AEBE-680CA56C1FBE}.Debug|Any CPU.ActiveCfg = Debug|Any CPU
		{B866DBFE-2FFE-40EB-AEBE-680CA56C1FBE}.Debug|Any CPU.Build.0 = Debug|Any CPU
		{B866DBFE-2FFE-40EB-AEBE-680CA56C1FBE}.Release|Any CPU.ActiveCfg = Release|Any CPU
		{B866DBFE-2FFE-40EB-AEBE-680CA56C1FBE}.Release|Any CPU.Build.0 = Release|Any CPU
		{5E1B9ACC-2710-46F5-BFD3-E6AA6D307E22}.Debug|Any CPU.ActiveCfg = Debug|Any CPU
		{5E1B9ACC-2710-46F5-BFD3-E6AA6D307E22}.Debug|Any CPU.Build.0 = Debug|Any CPU
		{5E1B9ACC-2710-46F5-BFD3-E6AA6D307E22}.Release|Any CPU.ActiveCfg = Release|Any CPU
		{5E1B9ACC-2710-46F5-BFD3-E6AA6D307E22}.Release|Any CPU.Build.0 = Release|Any CPU
		{F956E7B0-718F-4CBE-9751-EC786D3E9E1A}.Debug|Any CPU.ActiveCfg = Debug|Any CPU
		{F956E7B0-718F-4CBE-9751-EC786D3E9E1A}.Debug|Any CPU.Build.0 = Debug|Any CPU
		{F956E7B0-718F-4CBE-9751-EC786D3E9E1A}.Release|Any CPU.ActiveCfg = Release|Any CPU
		{F956E7B0-718F-4CBE-9751-EC786D3E9E1A}.Release|Any CPU.Build.0 = Release|Any CPU
		{FE897D35-F34B-4658-BD80-8720E4E4A11E}.Debug|Any CPU.ActiveCfg = Debug|Any CPU
		{FE897D35-F34B-4658-BD80-8720E4E4A11E}.Debug|Any CPU.Build.0 = Debug|Any CPU
		{FE897D35-F34B-4658-BD80-8720E4E4A11E}.Release|Any CPU.ActiveCfg = Release|Any CPU
		{FE897D35-F34B-4658-BD80-8720E4E4A11E}.Release|Any CPU.Build.0 = Release|Any CPU
	EndGlobalSection
	GlobalSection(SolutionProperties) = preSolution
		HideSolutionNode = FALSE
	EndGlobalSection
	GlobalSection(ExtensibilityGlobals) = postSolution
		SolutionGuid = {FA9F8CC2-91EB-4A31-8AC0-9DCE87B75C2D}
	EndGlobalSection
EndGlobal
